{
  "pins" : [
    {
      "identity" : "customtextfield",
      "kind" : "remoteSourceControl",
      "location" : "https://github.com/MAAlsaleh0/CustomTextField.git",
      "state" : {
        "branch" : "main",
        "revision" : "19e28c97363ecc85b10a270a8a7fa598a358681b"
      }
    },
    {
      "identity" : "iphonenumberfield",
      "kind" : "remoteSourceControl",
      "location" : "https://github.com/MojtabaHs/iPhoneNumberField.git",
      "state" : {
        "revision" : "5298972c899ba3555a77549bebeace2e16bc927d",
        "version" : "0.10.1"
      }
    },
    {
      "identity" : "keychain-swift",
      "kind" : "remoteSourceControl",
      "location" : "https://github.com/evgenyneu/keychain-swift.git",
      "state" : {
        "revision" : "5e1b02b6a9dac2a759a1d5dbc175c86bd192a608",
        "version" : "24.0.0"
      }
    },
    {
      "identity" : "phonenumberkit",
      "kind" : "remoteSourceControl",
      "location" : "https://github.com/marmelroy/PhoneNumberKit",
      "state" : {
        "revision" : "a8d72d9c90f8336aff6fd6002976d7e36f4fbe8c",
        "version" : "3.7.9"
      }
    }
  ],
  "version" : 2
}
